
Microsoft Visual Studio Solution File, Format Version 12.00
# Visual Studio Version 17
VisualStudioVersion = 17.4.33110.190
MinimumVisualStudioVersion = 10.0.40219.1
Project("{FAE04EC0-301F-11D3-BF4B-00C04F79EFBC}") = "Beecrowd_1040", "Beecrowd_1040\Beecrowd_1040.csproj", "{3DA8F9DC-979D-4704-8AB7-7425BBD4D6DB}"
EndProject
Project("{2150E333-8FDC-42A3-9474-1A3956D46DE8}") = "Itens de Solução", "Itens de Solução", "{BB3418F2-97DF-478E-93E3-375EEA37D03C}"
	ProjectSection(SolutionItems) = preProject
		Class1.cs = Class1.cs
	EndProjectSection
EndProject
Global
	GlobalSection(SolutionConfigurationPlatforms) = preSolution
		Debug|Any CPU = Debug|Any CPU
		Release|Any CPU = Release|Any CPU
	EndGlobalSection
	GlobalSection(ProjectConfigurationPlatforms) = postSolution
		{3DA8F9DC-979D-4704-8AB7-7425BBD4D6DB}.Debug|Any CPU.ActiveCfg = Debug|Any CPU
		{3DA8F9DC-979D-4704-8AB7-7425BBD4D6DB}.Debug|Any CPU.Build.0 = Debug|Any CPU
		{3DA8F9DC-979D-4704-8AB7-7425BBD4D6DB}.Release|Any CPU.ActiveCfg = Release|Any CPU
		{3DA8F9DC-979D-4704-8AB7-7425BBD4D6DB}.Release|Any CPU.Build.0 = Release|Any CPU
	EndGlobalSection
	GlobalSection(SolutionProperties) = preSolution
		HideSolutionNode = FALSE
	EndGlobalSection
	GlobalSection(ExtensibilityGlobals) = postSolution
		SolutionGuid = {4F4C6AC7-1B4E-4D29-A704-5D892D288A80}
	EndGlobalSection
EndGlobal
