
Microsoft Visual Studio Solution File, Format Version 12.00
# Visual Studio Version 17
VisualStudioVersion = 17.4.33110.190
MinimumVisualStudioVersion = 10.0.40219.1
Project("{FAE04EC0-301F-11D3-BF4B-00C04F79EFBC}") = "Beecrowd_1042", "Beecrowd_1042\Beecrowd_1042.csproj", "{190BD8BE-1BB8-4505-B795-AC48224B3020}"
EndProject
Global
	GlobalSection(SolutionConfigurationPlatforms) = preSolution
		Debug|Any CPU = Debug|Any CPU
		Release|Any CPU = Release|Any CPU
	EndGlobalSection
	GlobalSection(ProjectConfigurationPlatforms) = postSolution
		{190BD8BE-1BB8-4505-B795-AC48224B3020}.Debug|Any CPU.ActiveCfg = Debug|Any CPU
		{190BD8BE-1BB8-4505-B795-AC48224B3020}.Debug|Any CPU.Build.0 = Debug|Any CPU
		{190BD8BE-1BB8-4505-B795-AC48224B3020}.Release|Any CPU.ActiveCfg = Release|Any CPU
		{190BD8BE-1BB8-4505-B795-AC48224B3020}.Release|Any CPU.Build.0 = Release|Any CPU
	EndGlobalSection
	GlobalSection(SolutionProperties) = preSolution
		HideSolutionNode = FALSE
	EndGlobalSection
	GlobalSection(ExtensibilityGlobals) = postSolution
		SolutionGuid = {290AA838-0015-46FF-B77F-9BF1126A3020}
	EndGlobalSection
EndGlobal
