
Microsoft Visual Studio Solution File, Format Version 12.00
# Visual Studio Version 17
VisualStudioVersion = 17.4.33110.190
MinimumVisualStudioVersion = 10.0.40219.1
Project("{FAE04EC0-301F-11D3-BF4B-00C04F79EFBC}") = "Beecrowd_1046", "Beecrowd_1046\Beecrowd_1046.csproj", "{73E247EB-2CC4-4887-80BD-25F3F59DEF05}"
EndProject
Global
	GlobalSection(SolutionConfigurationPlatforms) = preSolution
		Debug|Any CPU = Debug|Any CPU
		Release|Any CPU = Release|Any CPU
	EndGlobalSection
	GlobalSection(ProjectConfigurationPlatforms) = postSolution
		{73E247EB-2CC4-4887-80BD-25F3F59DEF05}.Debug|Any CPU.ActiveCfg = Debug|Any CPU
		{73E247EB-2CC4-4887-80BD-25F3F59DEF05}.Debug|Any CPU.Build.0 = Debug|Any CPU
		{73E247EB-2CC4-4887-80BD-25F3F59DEF05}.Release|Any CPU.ActiveCfg = Release|Any CPU
		{73E247EB-2CC4-4887-80BD-25F3F59DEF05}.Release|Any CPU.Build.0 = Release|Any CPU
	EndGlobalSection
	GlobalSection(SolutionProperties) = preSolution
		HideSolutionNode = FALSE
	EndGlobalSection
	GlobalSection(ExtensibilityGlobals) = postSolution
		SolutionGuid = {7AF43DD8-3796-4F99-882F-EA965076BA21}
	EndGlobalSection
EndGlobal
