
Microsoft Visual Studio Solution File, Format Version 12.00
# Visual Studio Version 17
VisualStudioVersion = 17.4.33110.190
MinimumVisualStudioVersion = 10.0.40219.1
Project("{FAE04EC0-301F-11D3-BF4B-00C04F79EFBC}") = "Beecrowd_1052", "Beecrowd_1052\Beecrowd_1052.csproj", "{F3BC1D6E-8A2E-47CE-B1E9-738DA7F02969}"
EndProject
Global
	GlobalSection(SolutionConfigurationPlatforms) = preSolution
		Debug|Any CPU = Debug|Any CPU
		Release|Any CPU = Release|Any CPU
	EndGlobalSection
	GlobalSection(ProjectConfigurationPlatforms) = postSolution
		{F3BC1D6E-8A2E-47CE-B1E9-738DA7F02969}.Debug|Any CPU.ActiveCfg = Debug|Any CPU
		{F3BC1D6E-8A2E-47CE-B1E9-738DA7F02969}.Debug|Any CPU.Build.0 = Debug|Any CPU
		{F3BC1D6E-8A2E-47CE-B1E9-738DA7F02969}.Release|Any CPU.ActiveCfg = Release|Any CPU
		{F3BC1D6E-8A2E-47CE-B1E9-738DA7F02969}.Release|Any CPU.Build.0 = Release|Any CPU
	EndGlobalSection
	GlobalSection(SolutionProperties) = preSolution
		HideSolutionNode = FALSE
	EndGlobalSection
	GlobalSection(ExtensibilityGlobals) = postSolution
		SolutionGuid = {47C190A6-3A57-4033-BEEC-E7EC1B517E3B}
	EndGlobalSection
EndGlobal
