
Microsoft Visual Studio Solution File, Format Version 12.00
# Visual Studio Version 17
VisualStudioVersion = 17.4.33110.190
MinimumVisualStudioVersion = 10.0.40219.1
Project("{FAE04EC0-301F-11D3-BF4B-00C04F79EFBC}") = "Beecrowd_1038", "Beecrowd_1038\Beecrowd_1038.csproj", "{1907FA13-9989-40DC-8E9E-03C264ABC737}"
EndProject
Global
	GlobalSection(SolutionConfigurationPlatforms) = preSolution
		Debug|Any CPU = Debug|Any CPU
		Release|Any CPU = Release|Any CPU
	EndGlobalSection
	GlobalSection(ProjectConfigurationPlatforms) = postSolution
		{1907FA13-9989-40DC-8E9E-03C264ABC737}.Debug|Any CPU.ActiveCfg = Debug|Any CPU
		{1907FA13-9989-40DC-8E9E-03C264ABC737}.Debug|Any CPU.Build.0 = Debug|Any CPU
		{1907FA13-9989-40DC-8E9E-03C264ABC737}.Release|Any CPU.ActiveCfg = Release|Any CPU
		{1907FA13-9989-40DC-8E9E-03C264ABC737}.Release|Any CPU.Build.0 = Release|Any CPU
	EndGlobalSection
	GlobalSection(SolutionProperties) = preSolution
		HideSolutionNode = FALSE
	EndGlobalSection
	GlobalSection(ExtensibilityGlobals) = postSolution
		SolutionGuid = {05A59CD0-6813-4C43-971F-76945A50275E}
	EndGlobalSection
EndGlobal
