
Microsoft Visual Studio Solution File, Format Version 12.00
# Visual Studio Version 17
VisualStudioVersion = 17.4.33110.190
MinimumVisualStudioVersion = 10.0.40219.1
Project("{FAE04EC0-301F-11D3-BF4B-00C04F79EFBC}") = "Beecrowd_1047", "Beecrowd_1047\Beecrowd_1047.csproj", "{89C6527A-DB63-4395-81E4-FE98F7328946}"
EndProject
Project("{2150E333-8FDC-42A3-9474-1A3956D46DE8}") = "Itens de Solução", "Itens de Solução", "{F8219DD8-A6CC-4BA1-B2E2-F1437CB5DC8A}"
	ProjectSection(SolutionItems) = preProject
		Class1.cs = Class1.cs
	EndProjectSection
EndProject
Global
	GlobalSection(SolutionConfigurationPlatforms) = preSolution
		Debug|Any CPU = Debug|Any CPU
		Release|Any CPU = Release|Any CPU
	EndGlobalSection
	GlobalSection(ProjectConfigurationPlatforms) = postSolution
		{89C6527A-DB63-4395-81E4-FE98F7328946}.Debug|Any CPU.ActiveCfg = Debug|Any CPU
		{89C6527A-DB63-4395-81E4-FE98F7328946}.Debug|Any CPU.Build.0 = Debug|Any CPU
		{89C6527A-DB63-4395-81E4-FE98F7328946}.Release|Any CPU.ActiveCfg = Release|Any CPU
		{89C6527A-DB63-4395-81E4-FE98F7328946}.Release|Any CPU.Build.0 = Release|Any CPU
	EndGlobalSection
	GlobalSection(SolutionProperties) = preSolution
		HideSolutionNode = FALSE
	EndGlobalSection
	GlobalSection(ExtensibilityGlobals) = postSolution
		SolutionGuid = {2DBF3CED-F879-4BFA-B3C6-A8B98C7F05BF}
	EndGlobalSection
EndGlobal
